// !$*UTF8*$!
{
	archiveVersion = 1;
	classes = {
	};
	objectVersion = 51;
	objects = {

/* Begin PBXBuildFile section */
		20D4CCEA26F46CA900537EE4 /* AppDelegate.swift in Sources */ = {isa = PBXBuildFile; fileRef = 20D4CCE926F46CA900537EE4 /* AppDelegate.swift */; };
		20D4CCEC26F46CA900537EE4 /* SceneDelegate.swift in Sources */ = {isa = PBXBuildFile; fileRef = 20D4CCEB26F46CA900537EE4 /* SceneDelegate.swift */; };
		20D4CCEE26F46CA900537EE4 /* ViewController.swift in Sources */ = {isa = PBXBuildFile; fileRef = 20D4CCED26F46CA900537EE4 /* ViewController.swift */; };
		20D4CCF126F46CA900537EE4 /* Main.storyboard in Resources */ = {isa = PBXBuildFile; fileRef = 20D4CCEF26F46CA900537EE4 /* Main.storyboard */; };
		20D4CCF326F46CAB00537EE4 /* Assets.xcassets in Resources */ = {isa = PBXBuildFile; fileRef = 20D4CCF226F46CAB00537EE4 /* Assets.xcassets */; };
		20D4CCF626F46CAB00537EE4 /* LaunchScreen.storyboard in Resources */ = {isa = PBXBuildFile; fileRef = 20D4CCF426F46CAB00537EE4 /* LaunchScreen.storyboard */; };
		20D4CD0826F46D6900537EE4 /* File.swift in Sources */ = {isa = PBXBuildFile; fileRef = 20D4CD0726F46D6900537EE4 /* File.swift */; };
		20D4CD0B26F46D8900537EE4 /* Json.swift in Sources */ = {isa = PBXBuildFile; fileRef = 20D4CD0A26F46D8900537EE4 /* Json.swift */; };
		20D4CD0E26F47C4200537EE4 /* PhotoCollectionViewCell.swift in Sources */ = {isa = PBXBuildFile; fileRef = 20D4CD0D26F47C4200537EE4 /* PhotoCollectionViewCell.swift */; };
		20D4CD1126F47C5100537EE4 /* PhotoCollectionViewController.swift in Sources */ = {isa = PBXBuildFile; fileRef = 20D4CD1026F47C5100537EE4 /* PhotoCollectionViewController.swift */; };
		3C42338D65942F0FB4CC9463 /* Pods_PhotoSearch.framework in Frameworks */ = {isa = PBXBuildFile; fileRef = EBD2CD4B3DFCDCC41141E590 /* Pods_PhotoSearch.framework */; };
/* End PBXBuildFile section */

/* Begin PBXFileReference section */
		20D4CCE626F46CA900537EE4 /* PhotoSearch.app */ = {isa = PBXFileReference; explicitFileType = wrapper.application; includeInIndex = 0; path = PhotoSearch.app; sourceTree = BUILT_PRODUCTS_DIR; };
		20D4CCE926F46CA900537EE4 /* AppDelegate.swift */ = {isa = PBXFileReference; lastKnownFileType = sourcecode.swift; path = AppDelegate.swift; sourceTree = "<group>"; };
		20D4CCEB26F46CA900537EE4 /* SceneDelegate.swift */ = {isa = PBXFileReference; lastKnownFileType = sourcecode.swift; path = SceneDelegate.swift; sourceTree = "<group>"; };
		20D4CCED26F46CA900537EE4 /* ViewController.swift */ = {isa = PBXFileReference; lastKnownFileType = sourcecode.swift; path = ViewController.swift; sourceTree = "<group>"; };
		20D4CCF026F46CA900537EE4 /* Base */ = {isa = PBXFileReference; lastKnownFileType = file.storyboard; name = Base; path = Base.lproj/Main.storyboard; sourceTree = "<group>"; };
		20D4CCF226F46CAB00537EE4 /* Assets.xcassets */ = {isa = PBXFileReference; lastKnownFileType = folder.assetcatalog; path = Assets.xcassets; sourceTree = "<group>"; };
		20D4CCF526F46CAB00537EE4 /* Base */ = {isa = PBXFileReference; lastKnownFileType = file.storyboard; name = Base; path = Base.lproj/LaunchScreen.storyboard; sourceTree = "<group>"; };
		20D4CCF726F46CAB00537EE4 /* Info.plist */ = {isa = PBXFileReference; lastKnownFileType = text.plist.xml; path = Info.plist; sourceTree = "<group>"; };
		20D4CD0726F46D6900537EE4 /* File.swift */ = {isa = PBXFileReference; lastKnownFileType = sourcecode.swift; path = File.swift; sourceTree = "<group>"; };
		20D4CD0A26F46D8900537EE4 /* Json.swift */ = {isa = PBXFileReference; lastKnownFileType = sourcecode.swift; path = Json.swift; sourceTree = "<group>"; };
		20D4CD0D26F47C4200537EE4 /* PhotoCollectionViewCell.swift */ = {isa = PBXFileReference; lastKnownFileType = sourcecode.swift; path = PhotoCollectionViewCell.swift; sourceTree = "<group>"; };
		20D4CD1026F47C5100537EE4 /* PhotoCollectionViewController.swift */ = {isa = PBXFileReference; lastKnownFileType = sourcecode.swift; path = PhotoCollectionViewController.swift; sourceTree = "<group>"; };
		72296E936313398B7BDED55E /* Pods-PhotoSearch.release.xcconfig */ = {isa = PBXFileReference; includeInIndex = 1; lastKnownFileType = text.xcconfig; name = "Pods-PhotoSearch.release.xcconfig"; path = "Target Support Files/Pods-PhotoSearch/Pods-PhotoSearch.release.xcconfig"; sourceTree = "<group>"; };
		8EA7D3EC30DF261C292125E6 /* Pods-PhotoSearch.debug.xcconfig */ = {isa = PBXFileReference; includeInIndex = 1; lastKnownFileType = text.xcconfig; name = "Pods-PhotoSearch.debug.xcconfig"; path = "Target Support Files/Pods-PhotoSearch/Pods-PhotoSearch.debug.xcconfig"; sourceTree = "<group>"; };
		EBD2CD4B3DFCDCC41141E590 /* Pods_PhotoSearch.framework */ = {isa = PBXFileReference; explicitFileType = wrapper.framework; includeInIndex = 0; path = Pods_PhotoSearch.framework; sourceTree = BUILT_PRODUCTS_DIR; };
/* End PBXFileReference section */

/* Begin PBXFrameworksBuildPhase section */
		20D4CCE326F46CA900537EE4 /* Frameworks */ = {
			isa = PBXFrameworksBuildPhase;
			buildActionMask = 2147483647;
			files = (
				3C42338D65942F0FB4CC9463 /* Pods_PhotoSearch.framework in Frameworks */,
			);
			runOnlyForDeploymentPostprocessing = 0;
		};
/* End PBXFrameworksBuildPhase section */

/* Begin PBXGroup section */
		20D4CCDD26F46CA900537EE4 = {
			isa = PBXGroup;
			children = (
				20D4CCE826F46CA900537EE4 /* PhotoSearch */,
				20D4CCE726F46CA900537EE4 /* Products */,
				2961B4B3C1C854A2448F936B /* Pods */,
				BC45D93DB5CA06AF62ADD0B9 /* Frameworks */,
			);
			sourceTree = "<group>";
		};
		20D4CCE726F46CA900537EE4 /* Products */ = {
			isa = PBXGroup;
			children = (
				20D4CCE626F46CA900537EE4 /* PhotoSearch.app */,
			);
			name = Products;
			sourceTree = "<group>";
		};
		20D4CCE826F46CA900537EE4 /* PhotoSearch */ = {
			isa = PBXGroup;
			children = (
				20D4CCE926F46CA900537EE4 /* AppDelegate.swift */,
				20D4CCEB26F46CA900537EE4 /* SceneDelegate.swift */,
				20D4CCED26F46CA900537EE4 /* ViewController.swift */,
				20D4CCEF26F46CA900537EE4 /* Main.storyboard */,
				20D4CD0D26F47C4200537EE4 /* PhotoCollectionViewCell.swift */,
				20D4CD1026F47C5100537EE4 /* PhotoCollectionViewController.swift */,
				20D4CCF226F46CAB00537EE4 /* Assets.xcassets */,
				20D4CCF426F46CAB00537EE4 /* LaunchScreen.storyboard */,
				20D4CCF726F46CAB00537EE4 /* Info.plist */,
				20D4CD0726F46D6900537EE4 /* File.swift */,
				20D4CD0A26F46D8900537EE4 /* Json.swift */,
			);
			path = PhotoSearch;
			sourceTree = "<group>";
		};
		2961B4B3C1C854A2448F936B /* Pods */ = {
			isa = PBXGroup;
			children = (
				8EA7D3EC30DF261C292125E6 /* Pods-PhotoSearch.debug.xcconfig */,
				72296E936313398B7BDED55E /* Pods-PhotoSearch.release.xcconfig */,
			);
			path = Pods;
			sourceTree = "<group>";
		};
		BC45D93DB5CA06AF62ADD0B9 /* Frameworks */ = {
			isa = PBXGroup;
			children = (
				EBD2CD4B3DFCDCC41141E590 /* Pods_PhotoSearch.framework */,
			);
			name = Frameworks;
			sourceTree = "<group>";
		};
/* End PBXGroup section */

/* Begin PBXNativeTarget section */
		20D4CCE526F46CA900537EE4 /* PhotoSearch */ = {
			isa = PBXNativeTarget;
			buildConfigurationList = 20D4CCFA26F46CAB00537EE4 /* Build configuration list for PBXNativeTarget "PhotoSearch" */;
			buildPhases = (
				127C0BEB92CAD8A93A19397A /* [CP] Check Pods Manifest.lock */,
				20D4CCE226F46CA900537EE4 /* Sources */,
				20D4CCE326F46CA900537EE4 /* Frameworks */,
				20D4CCE426F46CA900537EE4 /* Resources */,
				1E59A1725344302323BB8FC7 /* [CP] Embed Pods Frameworks */,
			);
			buildRules = (
			);
			dependencies = (
			);
			name = PhotoSearch;
			productName = PhotoSearch;
			productReference = 20D4CCE626F46CA900537EE4 /* PhotoSearch.app */;
			productType = "com.apple.product-type.application";
		};
/* End PBXNativeTarget section */

/* Begin PBXProject section */
		20D4CCDE26F46CA900537EE4 /* Project object */ = {
			isa = PBXProject;
			attributes = {
				LastSwiftUpdateCheck = 1240;
				LastUpgradeCheck = 1240;
				TargetAttributes = {
					20D4CCE526F46CA900537EE4 = {
						CreatedOnToolsVersion = 12.4;
					};
				};
			};
			buildConfigurationList = 20D4CCE126F46CA900537EE4 /* Build configuration list for PBXProject "PhotoSearch" */;
			compatibilityVersion = "Xcode 9.3";
			developmentRegion = en;
			hasScannedForEncodings = 0;
			knownRegions = (
				en,
				Base,
			);
			mainGroup = 20D4CCDD26F46CA900537EE4;
			productRefGroup = 20D4CCE726F46CA900537EE4 /* Products */;
			projectDirPath = "";
			projectRoot = "";
			targets = (
				20D4CCE526F46CA900537EE4 /* PhotoSearch */,
			);
		};
/* End PBXProject section */

/* Begin PBXResourcesBuildPhase section */
		20D4CCE426F46CA900537EE4 /* Resources */ = {
			isa = PBXResourcesBuildPhase;
			buildActionMask = 2147483647;
			files = (
				20D4CCF626F46CAB00537EE4 /* LaunchScreen.storyboard in Resources */,
				20D4CCF326F46CAB00537EE4 /* Assets.xcassets in Resources */,
				20D4CCF126F46CA900537EE4 /* Main.storyboard in Resources */,
			);
			runOnlyForDeploymentPostprocessing = 0;
		};
/* End PBXResourcesBuildPhase section */

/* Begin PBXShellScriptBuildPhase section */
		127C0BEB92CAD8A93A19397A /* [CP] Check Pods Manifest.lock */ = {
			isa = PBXShellScriptBuildPhase;
			buildActionMask = 2147483647;
			files = (
			);
			inputFileListPaths = (
			);
			inputPaths = (
				"${PODS_PODFILE_DIR_PATH}/Podfile.lock",
				"${PODS_ROOT}/Manifest.lock",
			);
			name = "[CP] Check Pods Manifest.lock";
			outputFileListPaths = (
			);
			outputPaths = (
				"$(DERIVED_FILE_DIR)/Pods-PhotoSearch-checkManifestLockResult.txt",
			);
			runOnlyForDeploymentPostprocessing = 0;
			shellPath = /bin/sh;
			shellScript = "diff \"${PODS_PODFILE_DIR_PATH}/Podfile.lock\" \"${PODS_ROOT}/Manifest.lock\" > /dev/null\nif [ $? != 0 ] ; then\n    # print error to STDERR\n    echo \"error: The sandbox is not in sync with the Podfile.lock. Run 'pod install' or update your CocoaPods installation.\" >&2\n    exit 1\nfi\n# This output is used by Xcode 'outputs' to avoid re-running this script phase.\necho \"SUCCESS\" > \"${SCRIPT_OUTPUT_FILE_0}\"\n";
			showEnvVarsInLog = 0;
		};
		1E59A1725344302323BB8FC7 /* [CP] Embed Pods Frameworks */ = {
			isa = PBXShellScriptBuildPhase;
			buildActionMask = 2147483647;
			files = (
			);
			inputFileListPaths = (
				"${PODS_ROOT}/Target Support Files/Pods-PhotoSearch/Pods-PhotoSearch-frameworks-${CONFIGURATION}-input-files.xcfilelist",
			);
			name = "[CP] Embed Pods Frameworks";
			outputFileListPaths = (
				"${PODS_ROOT}/Target Support Files/Pods-PhotoSearch/Pods-PhotoSearch-frameworks-${CONFIGURATION}-output-files.xcfilelist",
			);
			runOnlyForDeploymentPostprocessing = 0;
			shellPath = /bin/sh;
			shellScript = "\"${PODS_ROOT}/Target Support Files/Pods-PhotoSearch/Pods-PhotoSearch-frameworks.sh\"\n";
			showEnvVarsInLog = 0;
		};
/* End PBXShellScriptBuildPhase section */

/* Begin PBXSourcesBuildPhase section */
		20D4CCE226F46CA900537EE4 /* Sources */ = {
			isa = PBXSourcesBuildPhase;
			buildActionMask = 2147483647;
			files = (
				20D4CCEE26F46CA900537EE4 /* ViewController.swift in Sources */,
				20D4CD0B26F46D8900537EE4 /* Json.swift in Sources */,
				20D4CD1126F47C5100537EE4 /* PhotoCollectionViewController.swift in Sources */,
				20D4CD0826F46D6900537EE4 /* File.swift in Sources */,
				20D4CCEA26F46CA900537EE4 /* AppDelegate.swift in Sources */,
				20D4CCEC26F46CA900537EE4 /* SceneDelegate.swift in Sources */,
				20D4CD0E26F47C4200537EE4 /* PhotoCollectionViewCell.swift in Sources */,
			);
			runOnlyForDeploymentPostprocessing = 0;
		};
/* End PBXSourcesBuildPhase section */

/* Begin PBXVariantGroup section */
		20D4CCEF26F46CA900537EE4 /* Main.storyboard */ = {
			isa = PBXVariantGroup;
			children = (
				20D4CCF026F46CA900537EE4 /* Base */,
			);
			name = Main.storyboard;
			sourceTree = "<group>";
		};
		20D4CCF426F46CAB00537EE4 /* LaunchScreen.storyboard */ = {
			isa = PBXVariantGroup;
			children = (
				20D4CCF526F46CAB00537EE4 /* Base */,
			);
			name = LaunchScreen.storyboard;
			sourceTree = "<group>";
		};
/* End PBXVariantGroup section */

/* Begin XCBuildConfiguration section */
		20D4CCF826F46CAB00537EE4 /* Debug */ = {
			isa = XCBuildConfiguration;
			buildSettings = {
				ALWAYS_SEARCH_USER_PATHS = NO;
				CLANG_ANALYZER_NONNULL = YES;
				CLANG_ANALYZER_NUMBER_OBJECT_CONVERSION = YES_AGGRESSIVE;
				CLANG_CXX_LANGUAGE_STANDARD = "gnu++14";
				CLANG_CXX_LIBRARY = "libc++";
				CLANG_ENABLE_MODULES = YES;
				CLANG_ENABLE_OBJC_ARC = YES;
				CLANG_ENABLE_OBJC_WEAK = YES;
				CLANG_WARN_BLOCK_CAPTURE_AUTORELEASING = YES;
				CLANG_WARN_BOOL_CONVERSION = YES;
				CLANG_WARN_COMMA = YES;
				CLANG_WARN_CONSTANT_CONVERSION = YES;
				CLANG_WARN_DEPRECATED_OBJC_IMPLEMENTATIONS = YES;
				CLANG_WARN_DIRECT_OBJC_ISA_USAGE = YES_ERROR;
				CLANG_WARN_DOCUMENTATION_COMMENTS = YES;
				CLANG_WARN_EMPTY_BODY = YES;
				CLANG_WARN_ENUM_CONVERSION = YES;
				CLANG_WARN_INFINITE_RECURSION = YES;
				CLANG_WARN_INT_CONVERSION = YES;
				CLANG_WARN_NON_LITERAL_NULL_CONVERSION = YES;
				CLANG_WARN_OBJC_IMPLICIT_RETAIN_SELF = YES;
				CLANG_WARN_OBJC_LITERAL_CONVERSION = YES;
				CLANG_WARN_OBJC_ROOT_CLASS = YES_ERROR;
				CLANG_WARN_QUOTED_INCLUDE_IN_FRAMEWORK_HEADER = YES;
				CLANG_WARN_RANGE_LOOP_ANALYSIS = YES;
				CLANG_WARN_STRICT_PROTOTYPES = YES;
				CLANG_WARN_SUSPICIOUS_MOVE = YES;
				CLANG_WARN_UNGUARDED_AVAILABILITY = YES_AGGRESSIVE;
				CLANG_WARN_UNREACHABLE_CODE = YES;
				CLANG_WARN__DUPLICATE_METHOD_MATCH = YES;
				COPY_PHASE_STRIP = NO;
				DEBUG_INFORMATION_FORMAT = dwarf;
				ENABLE_STRICT_OBJC_MSGSEND = YES;
				ENABLE_TESTABILITY = YES;
				GCC_C_LANGUAGE_STANDARD = gnu11;
				GCC_DYNAMIC_NO_PIC = NO;
				GCC_NO_COMMON_BLOCKS = YES;
				GCC_OPTIMIZATION_LEVEL = 0;
				GCC_PREPROCESSOR_DEFINITIONS = (
					"DEBUG=1",
					"$(inherited)",
				);
				GCC_WARN_64_TO_32_BIT_CONVERSION = YES;
				GCC_WARN_ABOUT_RETURN_TYPE = YES_ERROR;
				GCC_WARN_UNDECLARED_SELECTOR = YES;
				GCC_WARN_UNINITIALIZED_AUTOS = YES_AGGRESSIVE;
				GCC_WARN_UNUSED_FUNCTION = YES;
				GCC_WARN_UNUSED_VARIABLE = YES;
				IPHONEOS_DEPLOYMENT_TARGET = 14.4;
				MTL_ENABLE_DEBUG_INFO = INCLUDE_SOURCE;
				MTL_FAST_MATH = YES;
				ONLY_ACTIVE_ARCH = YES;
				SDKROOT = iphoneos;
				SWIFT_ACTIVE_COMPILATION_CONDITIONS = DEBUG;
				SWIFT_OPTIMIZATION_LEVEL = "-Onone";
			};
			name = Debug;
		};
		20D4CCF926F46CAB00537EE4 /* Release */ = {
			isa = XCBuildConfiguration;
			buildSettings = {
				ALWAYS_SEARCH_USER_PATHS = NO;
				CLANG_ANALYZER_NONNULL = YES;
				CLANG_ANALYZER_NUMBER_OBJECT_CONVERSION = YES_AGGRESSIVE;
				CLANG_CXX_LANGUAGE_STANDARD = "gnu++14";
				CLANG_CXX_LIBRARY = "libc++";
				CLANG_ENABLE_MODULES = YES;
				CLANG_ENABLE_OBJC_ARC = YES;
				CLANG_ENABLE_OBJC_WEAK = YES;
				CLANG_WARN_BLOCK_CAPTURE_AUTORELEASING = YES;
				CLANG_WARN_BOOL_CONVERSION = YES;
				CLANG_WARN_COMMA = YES;
				CLANG_WARN_CONSTANT_CONVERSION = YES;
				CLANG_WARN_DEPRECATED_OBJC_IMPLEMENTATIONS = YES;
				CLANG_WARN_DIRECT_OBJC_ISA_USAGE = YES_ERROR;
				CLANG_WARN_DOCUMENTATION_COMMENTS = YES;
				CLANG_WARN_EMPTY_BODY = YES;
				CLANG_WARN_ENUM_CONVERSION = YES;
				CLANG_WARN_INFINITE_RECURSION = YES;
				CLANG_WARN_INT_CONVERSION = YES;
				CLANG_WARN_NON_LITERAL_NULL_CONVERSION = YES;
				CLANG_WARN_OBJC_IMPLICIT_RETAIN_SELF = YES;
				CLANG_WARN_OBJC_LITERAL_CONVERSION = YES;
				CLANG_WARN_OBJC_ROOT_CLASS = YES_ERROR;
				CLANG_WARN_QUOTED_INCLUDE_IN_FRAMEWORK_HEADER = YES;
				CLANG_WARN_RANGE_LOOP_ANALYSIS = YES;
				CLANG_WARN_STRICT_PROTOTYPES = YES;
				CLANG_WARN_SUSPICIOUS_MOVE = YES;
				CLANG_WARN_UNGUARDED_AVAILABILITY = YES_AGGRESSIVE;
				CLANG_WARN_UNREACHABLE_CODE = YES;
				CLANG_WARN__DUPLICATE_METHOD_MATCH = YES;
				COPY_PHASE_STRIP = NO;
				DEBUG_INFORMATION_FORMAT = "dwarf-with-dsym";
				ENABLE_NS_ASSERTIONS = NO;
				ENABLE_STRICT_OBJC_MSGSEND = YES;
				GCC_C_LANGUAGE_STANDARD = gnu11;
				GCC_NO_COMMON_BLOCKS = YES;
				GCC_WARN_64_TO_32_BIT_CONVERSION = YES;
				GCC_WARN_ABOUT_RETURN_TYPE = YES_ERROR;
				GCC_WARN_UNDECLARED_SELECTOR = YES;
				GCC_WARN_UNINITIALIZED_AUTOS = YES_AGGRESSIVE;
				GCC_WARN_UNUSED_FUNCTION = YES;
				GCC_WARN_UNUSED_VARIABLE = YES;
				IPHONEOS_DEPLOYMENT_TARGET = 14.4;
				MTL_ENABLE_DEBUG_INFO = NO;
				MTL_FAST_MATH = YES;
				SDKROOT = iphoneos;
				SWIFT_COMPILATION_MODE = wholemodule;
				SWIFT_OPTIMIZATION_LEVEL = "-O";
				VALIDATE_PRODUCT = YES;
			};
			name = Release;
		};
		20D4CCFB26F46CAB00537EE4 /* Debug */ = {
			isa = XCBuildConfiguration;
			baseConfigurationReference = 8EA7D3EC30DF261C292125E6 /* Pods-PhotoSearch.debug.xcconfig */;
			buildSettings = {
				ASSETCATALOG_COMPILER_APPICON_NAME = AppIcon;
				ASSETCATALOG_COMPILER_GLOBAL_ACCENT_COLOR_NAME = AccentColor;
				CODE_SIGN_STYLE = Automatic;
				DEVELOPMENT_TEAM = J87U98TNRQ;
				INFOPLIST_FILE = PhotoSearch/Info.plist;
				LD_RUNPATH_SEARCH_PATHS = (
					"$(inherited)",
					"@executable_path/Frameworks",
				);
				PRODUCT_BUNDLE_IDENTIFIER = com.igorNaumov.PhotoSearch;
				PRODUCT_NAME = "$(TARGET_NAME)";
				SWIFT_VERSION = 5.0;
				TARGETED_DEVICE_FAMILY = "1,2";
			};
			name = Debug;
		};
		20D4CCFC26F46CAB00537EE4 /* Release */ = {
			isa = XCBuildConfiguration;
			baseConfigurationReference = 72296E936313398B7BDED55E /* Pods-PhotoSearch.release.xcconfig */;
			buildSettings = {
				ASSETCATALOG_COMPILER_APPICON_NAME = AppIcon;
				ASSETCATALOG_COMPILER_GLOBAL_ACCENT_COLOR_NAME = AccentColor;
				CODE_SIGN_STYLE = Automatic;
				DEVELOPMENT_TEAM = J87U98TNRQ;
				INFOPLIST_FILE = PhotoSearch/Info.plist;
				LD_RUNPATH_SEARCH_PATHS = (
					"$(inherited)",
					"@executable_path/Frameworks",
				);
				PRODUCT_BUNDLE_IDENTIFIER = com.igorNaumov.PhotoSearch;
				PRODUCT_NAME = "$(TARGET_NAME)";
				SWIFT_VERSION = 5.0;
				TARGETED_DEVICE_FAMILY = "1,2";
			};
			name = Release;
		};
/* End XCBuildConfiguration section */

/* Begin XCConfigurationList section */
		20D4CCE126F46CA900537EE4 /* Build configuration list for PBXProject "PhotoSearch" */ = {
			isa = XCConfigurationList;
			buildConfigurations = (
				20D4CCF826F46CAB00537EE4 /* Debug */,
				20D4CCF926F46CAB00537EE4 /* Release */,
			);
			defaultConfigurationIsVisible = 0;
			defaultConfigurationName = Release;
		};
		20D4CCFA26F46CAB00537EE4 /* Build configuration list for PBXNativeTarget "PhotoSearch" */ = {
			isa = XCConfigurationList;
			buildConfigurations = (
				20D4CCFB26F46CAB00537EE4 /* Debug */,
				20D4CCFC26F46CAB00537EE4 /* Release */,
			);
			defaultConfigurationIsVisible = 0;
			defaultConfigurationName = Release;
		};
/* End XCConfigurationList section */
	};
	rootObject = 20D4CCDE26F46CA900537EE4 /* Project object */;
}
